
Microsoft Visual Studio Solution File, Format Version 12.00
# Visual Studio Version 17
VisualStudioVersion = 17.3.32901.215
MinimumVisualStudioVersion = 10.0.40219.1
Project("{FAE04EC0-301F-11D3-BF4B-00C04F79EFBC}") = "프로젝트", "프로젝트\프로젝트.csproj", "{A05A4095-5D74-4B62-AF8B-9102FB6406A5}"
EndProject
Global
	GlobalSection(SolutionConfigurationPlatforms) = preSolution
		Debug|Any CPU = Debug|Any CPU
		Release|Any CPU = Release|Any CPU
	EndGlobalSection
	GlobalSection(ProjectConfigurationPlatforms) = postSolution
		{A05A4095-5D74-4B62-AF8B-9102FB6406A5}.Debug|Any CPU.ActiveCfg = Debug|Any CPU
		{A05A4095-5D74-4B62-AF8B-9102FB6406A5}.Debug|Any CPU.Build.0 = Debug|Any CPU
		{A05A4095-5D74-4B62-AF8B-9102FB6406A5}.Release|Any CPU.ActiveCfg = Release|Any CPU
		{A05A4095-5D74-4B62-AF8B-9102FB6406A5}.Release|Any CPU.Build.0 = Release|Any CPU
	EndGlobalSection
	GlobalSection(SolutionProperties) = preSolution
		HideSolutionNode = FALSE
	EndGlobalSection
	GlobalSection(ExtensibilityGlobals) = postSolution
		SolutionGuid = {9916C43F-EE3A-4ADA-BE65-F4BB04BE1421}
	EndGlobalSection
EndGlobal
